
Microsoft Visual Studio Solution File, Format Version 12.00
# Visual Studio 14
VisualStudioVersion = 14.0.25420.1
MinimumVisualStudioVersion = 10.0.40219.1
Project("{FAE04EC0-301F-11D3-BF4B-00C04F79EFBC}") = "WindowsFormsApplication1", "WindowsFormsApplication1\WindowsFormsApplication1.csproj", "{3137482A-76B1-4B60-AFE3-8A5ED49D96F3}"
EndProject
Project("{FAE04EC0-301F-11D3-BF4B-00C04F79EFBC}") = "ControllerAndModel", "ControllerAndModule\ControllerAndModel.csproj", "{BDF85629-03DB-4159-BAFD-00950AC58156}"
EndProject
Global
	GlobalSection(SolutionConfigurationPlatforms) = preSolution
		Debug|Any CPU = Debug|Any CPU
		Release|Any CPU = Release|Any CPU
	EndGlobalSection
	GlobalSection(ProjectConfigurationPlatforms) = postSolution
		{3137482A-76B1-4B60-AFE3-8A5ED49D96F3}.Debug|Any CPU.ActiveCfg = Debug|Any CPU
		{3137482A-76B1-4B60-AFE3-8A5ED49D96F3}.Debug|Any CPU.Build.0 = Debug|Any CPU
		{3137482A-76B1-4B60-AFE3-8A5ED49D96F3}.Release|Any CPU.ActiveCfg = Release|Any CPU
		{3137482A-76B1-4B60-AFE3-8A5ED49D96F3}.Release|Any CPU.Build.0 = Release|Any CPU
		{BDF85629-03DB-4159-BAFD-00950AC58156}.Debug|Any CPU.ActiveCfg = Debug|Any CPU
		{BDF85629-03DB-4159-BAFD-00950AC58156}.Debug|Any CPU.Build.0 = Debug|Any CPU
		{BDF85629-03DB-4159-BAFD-00950AC58156}.Release|Any CPU.ActiveCfg = Release|Any CPU
		{BDF85629-03DB-4159-BAFD-00950AC58156}.Release|Any CPU.Build.0 = Release|Any CPU
	EndGlobalSection
	GlobalSection(SolutionProperties) = preSolution
		HideSolutionNode = FALSE
	EndGlobalSection
EndGlobal
